{
  "name": "agent-starter-kit",
  "version": "1.0.1",
  "lockfileVersion": 3,
  "requires": true,
  "packages": {
    "": {
      "name": "agent-starter-kit",
      "version": "1.0.1",
      "license": "MIT",
      "dependencies": {
        "agent-starter-kit": "^1.0.1"
      },
      "bin": {
        "agent-starter-kit": "scripts/install.cjs"
      },
      "engines": {
        "node": ">=18.0.0"
      }
    },
    "node_modules/agent-starter-kit": {
      "version": "1.0.1",
      "resolved": "https://registry.npmjs.org/agent-starter-kit/-/agent-starter-kit-1.0.1.tgz",
      "integrity": "sha512-2rqGQ0wrAx1LiQmsc+jyOkjEiMVSWtECSmSkaOrN09KogONi7qxxuvnvrqRp98AmH6M8YOjGwTDyKlTxMvGyfw==",
      "license": "MIT",
      "bin": {
        "agent-starter-kit": "scripts/install.cjs"
      },
      "engines": {
        "node": ">=18.0.0"
      }
    }
  }
}
